// !$*UTF8*$!
{
	archiveVersion = 1;
	classes = {
	};
	objectVersion = 56;
	objects = {

/* Begin PBXBuildFile section */
		53E8B9A82C6616E80049F79D /* AppDelegate.swift in Sources */ = {isa = PBXBuildFile; fileRef = 53E8B9A72C6616E80049F79D /* AppDelegate.swift */; };
		53E8B9AA2C6616E80049F79D /* SceneDelegate.swift in Sources */ = {isa = PBXBuildFile; fileRef = 53E8B9A92C6616E80049F79D /* SceneDelegate.swift */; };
		53E8B9AC2C6616E80049F79D /* ViewController.swift in Sources */ = {isa = PBXBuildFile; fileRef = 53E8B9AB2C6616E80049F79D /* ViewController.swift */; };
		53E8B9B12C6616E90049F79D /* Assets.xcassets in Resources */ = {isa = PBXBuildFile; fileRef = 53E8B9B02C6616E90049F79D /* Assets.xcassets */; };
		53E8B9B42C6616E90049F79D /* Base in Resources */ = {isa = PBXBuildFile; fileRef = 53E8B9B32C6616E90049F79D /* Base */; };
		53E8B9BD2C6618720049F79D /* PostData.swift in Sources */ = {isa = PBXBuildFile; fileRef = 53E8B9BC2C6618720049F79D /* PostData.swift */; };
		53E8B9C12C661B9E0049F79D /* PostCell.swift in Sources */ = {isa = PBXBuildFile; fileRef = 53E8B9C02C661B9E0049F79D /* PostCell.swift */; };
		53E8B9C42C661D6C0049F79D /* AddLabel.swift in Sources */ = {isa = PBXBuildFile; fileRef = 53E8B9C32C661D6C0049F79D /* AddLabel.swift */; };
		53E8B9C72C661EDE0049F79D /* AddImage.swift in Sources */ = {isa = PBXBuildFile; fileRef = 53E8B9C62C661EDE0049F79D /* AddImage.swift */; };
		53E8B9CC2C6622440049F79D /* UIView.ext.swift in Sources */ = {isa = PBXBuildFile; fileRef = 53E8B9CB2C6622440049F79D /* UIView.ext.swift */; };
/* End PBXBuildFile section */

/* Begin PBXFileReference section */
		53E8B9A42C6616E80049F79D /* UIKit - 08 - dz.app */ = {isa = PBXFileReference; explicitFileType = wrapper.application; includeInIndex = 0; path = "UIKit - 08 - dz.app"; sourceTree = BUILT_PRODUCTS_DIR; };
		53E8B9A72C6616E80049F79D /* AppDelegate.swift */ = {isa = PBXFileReference; lastKnownFileType = sourcecode.swift; path = AppDelegate.swift; sourceTree = "<group>"; };
		53E8B9A92C6616E80049F79D /* SceneDelegate.swift */ = {isa = PBXFileReference; lastKnownFileType = sourcecode.swift; path = SceneDelegate.swift; sourceTree = "<group>"; };
		53E8B9AB2C6616E80049F79D /* ViewController.swift */ = {isa = PBXFileReference; lastKnownFileType = sourcecode.swift; path = ViewController.swift; sourceTree = "<group>"; };
		53E8B9B02C6616E90049F79D /* Assets.xcassets */ = {isa = PBXFileReference; lastKnownFileType = folder.assetcatalog; path = Assets.xcassets; sourceTree = "<group>"; };
		53E8B9B32C6616E90049F79D /* Base */ = {isa = PBXFileReference; lastKnownFileType = file.storyboard; name = Base; path = Base.lproj/LaunchScreen.storyboard; sourceTree = "<group>"; };
		53E8B9B52C6616E90049F79D /* Info.plist */ = {isa = PBXFileReference; lastKnownFileType = text.plist.xml; path = Info.plist; sourceTree = "<group>"; };
		53E8B9BC2C6618720049F79D /* PostData.swift */ = {isa = PBXFileReference; lastKnownFileType = sourcecode.swift; path = PostData.swift; sourceTree = "<group>"; };
		53E8B9C02C661B9E0049F79D /* PostCell.swift */ = {isa = PBXFileReference; lastKnownFileType = sourcecode.swift; path = PostCell.swift; sourceTree = "<group>"; };
		53E8B9C32C661D6C0049F79D /* AddLabel.swift */ = {isa = PBXFileReference; lastKnownFileType = sourcecode.swift; path = AddLabel.swift; sourceTree = "<group>"; };
		53E8B9C62C661EDE0049F79D /* AddImage.swift */ = {isa = PBXFileReference; lastKnownFileType = sourcecode.swift; path = AddImage.swift; sourceTree = "<group>"; };
		53E8B9CB2C6622440049F79D /* UIView.ext.swift */ = {isa = PBXFileReference; lastKnownFileType = sourcecode.swift; path = UIView.ext.swift; sourceTree = "<group>"; };
/* End PBXFileReference section */

/* Begin PBXFrameworksBuildPhase section */
		53E8B9A12C6616E80049F79D /* Frameworks */ = {
			isa = PBXFrameworksBuildPhase;
			buildActionMask = 2147483647;
			files = (
			);
			runOnlyForDeploymentPostprocessing = 0;
		};
/* End PBXFrameworksBuildPhase section */

/* Begin PBXGroup section */
		53E8B99B2C6616E80049F79D = {
			isa = PBXGroup;
			children = (
				53E8B9A62C6616E80049F79D /* UIKit - 08 - dz */,
				53E8B9A52C6616E80049F79D /* Products */,
			);
			sourceTree = "<group>";
		};
		53E8B9A52C6616E80049F79D /* Products */ = {
			isa = PBXGroup;
			children = (
				53E8B9A42C6616E80049F79D /* UIKit - 08 - dz.app */,
			);
			name = Products;
			sourceTree = "<group>";
		};
		53E8B9A62C6616E80049F79D /* UIKit - 08 - dz */ = {
			isa = PBXGroup;
			children = (
				53E8B9C92C66222D0049F79D /* Helpers */,
				53E8B9BE2C661B860049F79D /* View */,
				53E8B9BB2C6618630049F79D /* Modal */,
				53E8B9A72C6616E80049F79D /* AppDelegate.swift */,
				53E8B9A92C6616E80049F79D /* SceneDelegate.swift */,
				53E8B9AB2C6616E80049F79D /* ViewController.swift */,
				53E8B9B02C6616E90049F79D /* Assets.xcassets */,
				53E8B9B22C6616E90049F79D /* LaunchScreen.storyboard */,
				53E8B9B52C6616E90049F79D /* Info.plist */,
			);
			path = "UIKit - 08 - dz";
			sourceTree = "<group>";
		};
		53E8B9BB2C6618630049F79D /* Modal */ = {
			isa = PBXGroup;
			children = (
				53E8B9BC2C6618720049F79D /* PostData.swift */,
			);
			path = Modal;
			sourceTree = "<group>";
		};
		53E8B9BE2C661B860049F79D /* View */ = {
			isa = PBXGroup;
			children = (
				53E8B9C52C661ED20049F79D /* UIImageView */,
				53E8B9C22C661D5F0049F79D /* UILabel */,
				53E8B9BF2C661B900049F79D /* Cell */,
			);
			path = View;
			sourceTree = "<group>";
		};
		53E8B9BF2C661B900049F79D /* Cell */ = {
			isa = PBXGroup;
			children = (
				53E8B9C02C661B9E0049F79D /* PostCell.swift */,
			);
			path = Cell;
			sourceTree = "<group>";
		};
		53E8B9C22C661D5F0049F79D /* UILabel */ = {
			isa = PBXGroup;
			children = (
				53E8B9C32C661D6C0049F79D /* AddLabel.swift */,
			);
			path = UILabel;
			sourceTree = "<group>";
		};
		53E8B9C52C661ED20049F79D /* UIImageView */ = {
			isa = PBXGroup;
			children = (
				53E8B9C62C661EDE0049F79D /* AddImage.swift */,
			);
			path = UIImageView;
			sourceTree = "<group>";
		};
		53E8B9C92C66222D0049F79D /* Helpers */ = {
			isa = PBXGroup;
			children = (
				53E8B9CA2C6622340049F79D /* Extensions */,
			);
			path = Helpers;
			sourceTree = "<group>";
		};
		53E8B9CA2C6622340049F79D /* Extensions */ = {
			isa = PBXGroup;
			children = (
				53E8B9CB2C6622440049F79D /* UIView.ext.swift */,
			);
			path = Extensions;
			sourceTree = "<group>";
		};
/* End PBXGroup section */

/* Begin PBXNativeTarget section */
		53E8B9A32C6616E80049F79D /* UIKit - 08 - dz */ = {
			isa = PBXNativeTarget;
			buildConfigurationList = 53E8B9B82C6616E90049F79D /* Build configuration list for PBXNativeTarget "UIKit - 08 - dz" */;
			buildPhases = (
				53E8B9A02C6616E80049F79D /* Sources */,
				53E8B9A12C6616E80049F79D /* Frameworks */,
				53E8B9A22C6616E80049F79D /* Resources */,
			);
			buildRules = (
			);
			dependencies = (
			);
			name = "UIKit - 08 - dz";
			productName = "UIKit - 08 - dz";
			productReference = 53E8B9A42C6616E80049F79D /* UIKit - 08 - dz.app */;
			productType = "com.apple.product-type.application";
		};
/* End PBXNativeTarget section */

/* Begin PBXProject section */
		53E8B99C2C6616E80049F79D /* Project object */ = {
			isa = PBXProject;
			attributes = {
				BuildIndependentTargetsInParallel = 1;
				LastSwiftUpdateCheck = 1530;
				LastUpgradeCheck = 1530;
				TargetAttributes = {
					53E8B9A32C6616E80049F79D = {
						CreatedOnToolsVersion = 15.3;
					};
				};
			};
			buildConfigurationList = 53E8B99F2C6616E80049F79D /* Build configuration list for PBXProject "UIKit - 08 - dz" */;
			compatibilityVersion = "Xcode 14.0";
			developmentRegion = en;
			hasScannedForEncodings = 0;
			knownRegions = (
				en,
				Base,
			);
			mainGroup = 53E8B99B2C6616E80049F79D;
			productRefGroup = 53E8B9A52C6616E80049F79D /* Products */;
			projectDirPath = "";
			projectRoot = "";
			targets = (
				53E8B9A32C6616E80049F79D /* UIKit - 08 - dz */,
			);
		};
/* End PBXProject section */

/* Begin PBXResourcesBuildPhase section */
		53E8B9A22C6616E80049F79D /* Resources */ = {
			isa = PBXResourcesBuildPhase;
			buildActionMask = 2147483647;
			files = (
				53E8B9B12C6616E90049F79D /* Assets.xcassets in Resources */,
				53E8B9B42C6616E90049F79D /* Base in Resources */,
			);
			runOnlyForDeploymentPostprocessing = 0;
		};
/* End PBXResourcesBuildPhase section */

/* Begin PBXSourcesBuildPhase section */
		53E8B9A02C6616E80049F79D /* Sources */ = {
			isa = PBXSourcesBuildPhase;
			buildActionMask = 2147483647;
			files = (
				53E8B9C42C661D6C0049F79D /* AddLabel.swift in Sources */,
				53E8B9AC2C6616E80049F79D /* ViewController.swift in Sources */,
				53E8B9BD2C6618720049F79D /* PostData.swift in Sources */,
				53E8B9CC2C6622440049F79D /* UIView.ext.swift in Sources */,
				53E8B9C72C661EDE0049F79D /* AddImage.swift in Sources */,
				53E8B9A82C6616E80049F79D /* AppDelegate.swift in Sources */,
				53E8B9AA2C6616E80049F79D /* SceneDelegate.swift in Sources */,
				53E8B9C12C661B9E0049F79D /* PostCell.swift in Sources */,
			);
			runOnlyForDeploymentPostprocessing = 0;
		};
/* End PBXSourcesBuildPhase section */

/* Begin PBXVariantGroup section */
		53E8B9B22C6616E90049F79D /* LaunchScreen.storyboard */ = {
			isa = PBXVariantGroup;
			children = (
				53E8B9B32C6616E90049F79D /* Base */,
			);
			name = LaunchScreen.storyboard;
			sourceTree = "<group>";
		};
/* End PBXVariantGroup section */

/* Begin XCBuildConfiguration section */
		53E8B9B62C6616E90049F79D /* Debug */ = {
			isa = XCBuildConfiguration;
			buildSettings = {
				ALWAYS_SEARCH_USER_PATHS = NO;
				ASSETCATALOG_COMPILER_GENERATE_SWIFT_ASSET_SYMBOL_EXTENSIONS = YES;
				CLANG_ANALYZER_NONNULL = YES;
				CLANG_ANALYZER_NUMBER_OBJECT_CONVERSION = YES_AGGRESSIVE;
				CLANG_CXX_LANGUAGE_STANDARD = "gnu++20";
				CLANG_ENABLE_MODULES = YES;
				CLANG_ENABLE_OBJC_ARC = YES;
				CLANG_ENABLE_OBJC_WEAK = YES;
				CLANG_WARN_BLOCK_CAPTURE_AUTORELEASING = YES;
				CLANG_WARN_BOOL_CONVERSION = YES;
				CLANG_WARN_COMMA = YES;
				CLANG_WARN_CONSTANT_CONVERSION = YES;
				CLANG_WARN_DEPRECATED_OBJC_IMPLEMENTATIONS = YES;
				CLANG_WARN_DIRECT_OBJC_ISA_USAGE = YES_ERROR;
				CLANG_WARN_DOCUMENTATION_COMMENTS = YES;
				CLANG_WARN_EMPTY_BODY = YES;
				CLANG_WARN_ENUM_CONVERSION = YES;
				CLANG_WARN_INFINITE_RECURSION = YES;
				CLANG_WARN_INT_CONVERSION = YES;
				CLANG_WARN_NON_LITERAL_NULL_CONVERSION = YES;
				CLANG_WARN_OBJC_IMPLICIT_RETAIN_SELF = YES;
				CLANG_WARN_OBJC_LITERAL_CONVERSION = YES;
				CLANG_WARN_OBJC_ROOT_CLASS = YES_ERROR;
				CLANG_WARN_QUOTED_INCLUDE_IN_FRAMEWORK_HEADER = YES;
				CLANG_WARN_RANGE_LOOP_ANALYSIS = YES;
				CLANG_WARN_STRICT_PROTOTYPES = YES;
				CLANG_WARN_SUSPICIOUS_MOVE = YES;
				CLANG_WARN_UNGUARDED_AVAILABILITY = YES_AGGRESSIVE;
				CLANG_WARN_UNREACHABLE_CODE = YES;
				CLANG_WARN__DUPLICATE_METHOD_MATCH = YES;
				COPY_PHASE_STRIP = NO;
				DEBUG_INFORMATION_FORMAT = dwarf;
				ENABLE_STRICT_OBJC_MSGSEND = YES;
				ENABLE_TESTABILITY = YES;
				ENABLE_USER_SCRIPT_SANDBOXING = YES;
				GCC_C_LANGUAGE_STANDARD = gnu17;
				GCC_DYNAMIC_NO_PIC = NO;
				GCC_NO_COMMON_BLOCKS = YES;
				GCC_OPTIMIZATION_LEVEL = 0;
				GCC_PREPROCESSOR_DEFINITIONS = (
					"DEBUG=1",
					"$(inherited)",
				);
				GCC_WARN_64_TO_32_BIT_CONVERSION = YES;
				GCC_WARN_ABOUT_RETURN_TYPE = YES_ERROR;
				GCC_WARN_UNDECLARED_SELECTOR = YES;
				GCC_WARN_UNINITIALIZED_AUTOS = YES_AGGRESSIVE;
				GCC_WARN_UNUSED_FUNCTION = YES;
				GCC_WARN_UNUSED_VARIABLE = YES;
				IPHONEOS_DEPLOYMENT_TARGET = 17.4;
				LOCALIZATION_PREFERS_STRING_CATALOGS = YES;
				MTL_ENABLE_DEBUG_INFO = INCLUDE_SOURCE;
				MTL_FAST_MATH = YES;
				ONLY_ACTIVE_ARCH = YES;
				SDKROOT = iphoneos;
				SWIFT_ACTIVE_COMPILATION_CONDITIONS = "DEBUG $(inherited)";
				SWIFT_OPTIMIZATION_LEVEL = "-Onone";
			};
			name = Debug;
		};
		53E8B9B72C6616E90049F79D /* Release */ = {
			isa = XCBuildConfiguration;
			buildSettings = {
				ALWAYS_SEARCH_USER_PATHS = NO;
				ASSETCATALOG_COMPILER_GENERATE_SWIFT_ASSET_SYMBOL_EXTENSIONS = YES;
				CLANG_ANALYZER_NONNULL = YES;
				CLANG_ANALYZER_NUMBER_OBJECT_CONVERSION = YES_AGGRESSIVE;
				CLANG_CXX_LANGUAGE_STANDARD = "gnu++20";
				CLANG_ENABLE_MODULES = YES;
				CLANG_ENABLE_OBJC_ARC = YES;
				CLANG_ENABLE_OBJC_WEAK = YES;
				CLANG_WARN_BLOCK_CAPTURE_AUTORELEASING = YES;
				CLANG_WARN_BOOL_CONVERSION = YES;
				CLANG_WARN_COMMA = YES;
				CLANG_WARN_CONSTANT_CONVERSION = YES;
				CLANG_WARN_DEPRECATED_OBJC_IMPLEMENTATIONS = YES;
				CLANG_WARN_DIRECT_OBJC_ISA_USAGE = YES_ERROR;
				CLANG_WARN_DOCUMENTATION_COMMENTS = YES;
				CLANG_WARN_EMPTY_BODY = YES;
				CLANG_WARN_ENUM_CONVERSION = YES;
				CLANG_WARN_INFINITE_RECURSION = YES;
				CLANG_WARN_INT_CONVERSION = YES;
				CLANG_WARN_NON_LITERAL_NULL_CONVERSION = YES;
				CLANG_WARN_OBJC_IMPLICIT_RETAIN_SELF = YES;
				CLANG_WARN_OBJC_LITERAL_CONVERSION = YES;
				CLANG_WARN_OBJC_ROOT_CLASS = YES_ERROR;
				CLANG_WARN_QUOTED_INCLUDE_IN_FRAMEWORK_HEADER = YES;
				CLANG_WARN_RANGE_LOOP_ANALYSIS = YES;
				CLANG_WARN_STRICT_PROTOTYPES = YES;
				CLANG_WARN_SUSPICIOUS_MOVE = YES;
				CLANG_WARN_UNGUARDED_AVAILABILITY = YES_AGGRESSIVE;
				CLANG_WARN_UNREACHABLE_CODE = YES;
				CLANG_WARN__DUPLICATE_METHOD_MATCH = YES;
				COPY_PHASE_STRIP = NO;
				DEBUG_INFORMATION_FORMAT = "dwarf-with-dsym";
				ENABLE_NS_ASSERTIONS = NO;
				ENABLE_STRICT_OBJC_MSGSEND = YES;
				ENABLE_USER_SCRIPT_SANDBOXING = YES;
				GCC_C_LANGUAGE_STANDARD = gnu17;
				GCC_NO_COMMON_BLOCKS = YES;
				GCC_WARN_64_TO_32_BIT_CONVERSION = YES;
				GCC_WARN_ABOUT_RETURN_TYPE = YES_ERROR;
				GCC_WARN_UNDECLARED_SELECTOR = YES;
				GCC_WARN_UNINITIALIZED_AUTOS = YES_AGGRESSIVE;
				GCC_WARN_UNUSED_FUNCTION = YES;
				GCC_WARN_UNUSED_VARIABLE = YES;
				IPHONEOS_DEPLOYMENT_TARGET = 17.4;
				LOCALIZATION_PREFERS_STRING_CATALOGS = YES;
				MTL_ENABLE_DEBUG_INFO = NO;
				MTL_FAST_MATH = YES;
				SDKROOT = iphoneos;
				SWIFT_COMPILATION_MODE = wholemodule;
				VALIDATE_PRODUCT = YES;
			};
			name = Release;
		};
		53E8B9B92C6616E90049F79D /* Debug */ = {
			isa = XCBuildConfiguration;
			buildSettings = {
				ASSETCATALOG_COMPILER_APPICON_NAME = AppIcon;
				ASSETCATALOG_COMPILER_GLOBAL_ACCENT_COLOR_NAME = AccentColor;
				CODE_SIGN_STYLE = Automatic;
				CURRENT_PROJECT_VERSION = 1;
				DEVELOPMENT_TEAM = 6LSSFY6N8C;
				GENERATE_INFOPLIST_FILE = YES;
				INFOPLIST_FILE = "UIKit - 08 - dz/Info.plist";
				INFOPLIST_KEY_UIApplicationSupportsIndirectInputEvents = YES;
				INFOPLIST_KEY_UILaunchStoryboardName = LaunchScreen;
				INFOPLIST_KEY_UISupportedInterfaceOrientations_iPad = "UIInterfaceOrientationPortrait UIInterfaceOrientationPortraitUpsideDown UIInterfaceOrientationLandscapeLeft UIInterfaceOrientationLandscapeRight";
				INFOPLIST_KEY_UISupportedInterfaceOrientations_iPhone = "UIInterfaceOrientationPortrait UIInterfaceOrientationLandscapeLeft UIInterfaceOrientationLandscapeRight";
				IPHONEOS_DEPLOYMENT_TARGET = 15.0;
				LD_RUNPATH_SEARCH_PATHS = (
					"$(inherited)",
					"@executable_path/Frameworks",
				);
				MARKETING_VERSION = 1.0;
				PRODUCT_BUNDLE_IDENTIFIER = "com.webdmitriev.UIKit---08---dz";
				PRODUCT_NAME = "$(TARGET_NAME)";
				SWIFT_EMIT_LOC_STRINGS = YES;
				SWIFT_VERSION = 5.0;
				TARGETED_DEVICE_FAMILY = "1,2";
			};
			name = Debug;
		};
		53E8B9BA2C6616E90049F79D /* Release */ = {
			isa = XCBuildConfiguration;
			buildSettings = {
				ASSETCATALOG_COMPILER_APPICON_NAME = AppIcon;
				ASSETCATALOG_COMPILER_GLOBAL_ACCENT_COLOR_NAME = AccentColor;
				CODE_SIGN_STYLE = Automatic;
				CURRENT_PROJECT_VERSION = 1;
				DEVELOPMENT_TEAM = 6LSSFY6N8C;
				GENERATE_INFOPLIST_FILE = YES;
				INFOPLIST_FILE = "UIKit - 08 - dz/Info.plist";
				INFOPLIST_KEY_UIApplicationSupportsIndirectInputEvents = YES;
				INFOPLIST_KEY_UILaunchStoryboardName = LaunchScreen;
				INFOPLIST_KEY_UISupportedInterfaceOrientations_iPad = "UIInterfaceOrientationPortrait UIInterfaceOrientationPortraitUpsideDown UIInterfaceOrientationLandscapeLeft UIInterfaceOrientationLandscapeRight";
				INFOPLIST_KEY_UISupportedInterfaceOrientations_iPhone = "UIInterfaceOrientationPortrait UIInterfaceOrientationLandscapeLeft UIInterfaceOrientationLandscapeRight";
				IPHONEOS_DEPLOYMENT_TARGET = 15.0;
				LD_RUNPATH_SEARCH_PATHS = (
					"$(inherited)",
					"@executable_path/Frameworks",
				);
				MARKETING_VERSION = 1.0;
				PRODUCT_BUNDLE_IDENTIFIER = "com.webdmitriev.UIKit---08---dz";
				PRODUCT_NAME = "$(TARGET_NAME)";
				SWIFT_EMIT_LOC_STRINGS = YES;
				SWIFT_VERSION = 5.0;
				TARGETED_DEVICE_FAMILY = "1,2";
			};
			name = Release;
		};
/* End XCBuildConfiguration section */

/* Begin XCConfigurationList section */
		53E8B99F2C6616E80049F79D /* Build configuration list for PBXProject "UIKit - 08 - dz" */ = {
			isa = XCConfigurationList;
			buildConfigurations = (
				53E8B9B62C6616E90049F79D /* Debug */,
				53E8B9B72C6616E90049F79D /* Release */,
			);
			defaultConfigurationIsVisible = 0;
			defaultConfigurationName = Release;
		};
		53E8B9B82C6616E90049F79D /* Build configuration list for PBXNativeTarget "UIKit - 08 - dz" */ = {
			isa = XCConfigurationList;
			buildConfigurations = (
				53E8B9B92C6616E90049F79D /* Debug */,
				53E8B9BA2C6616E90049F79D /* Release */,
			);
			defaultConfigurationIsVisible = 0;
			defaultConfigurationName = Release;
		};
/* End XCConfigurationList section */
	};
	rootObject = 53E8B99C2C6616E80049F79D /* Project object */;
}
